
Microsoft Visual Studio Solution File, Format Version 12.00
# Visual Studio Version 17
VisualStudioVersion = 17.10.34928.147
MinimumVisualStudioVersion = 10.0.40219.1
Project("{2150E333-8FDC-42A3-9474-1A3956D46DE8}") = "Src", "Src", "{F0A55184-F8F2-480B-8705-3806306704B8}"
EndProject
Project("{FAE04EC0-301F-11D3-BF4B-00C04F79EFBC}") = "VerticalSliceArchitecture", "Src\VerticalSliceArchitecture\VerticalSliceArchitecture.csproj", "{60DBD38F-89FE-4092-8143-6F359C193302}"
EndProject
Global
	GlobalSection(SolutionConfigurationPlatforms) = preSolution
		Debug|Any CPU = Debug|Any CPU
		Release|Any CPU = Release|Any CPU
	EndGlobalSection
	GlobalSection(ProjectConfigurationPlatforms) = postSolution
		{60DBD38F-89FE-4092-8143-6F359C193302}.Debug|Any CPU.ActiveCfg = Debug|Any CPU
		{60DBD38F-89FE-4092-8143-6F359C193302}.Debug|Any CPU.Build.0 = Debug|Any CPU
		{60DBD38F-89FE-4092-8143-6F359C193302}.Release|Any CPU.ActiveCfg = Release|Any CPU
		{60DBD38F-89FE-4092-8143-6F359C193302}.Release|Any CPU.Build.0 = Release|Any CPU
	EndGlobalSection
	GlobalSection(SolutionProperties) = preSolution
		HideSolutionNode = FALSE
	EndGlobalSection
	GlobalSection(NestedProjects) = preSolution
		{60DBD38F-89FE-4092-8143-6F359C193302} = {F0A55184-F8F2-480B-8705-3806306704B8}
	EndGlobalSection
	GlobalSection(ExtensibilityGlobals) = postSolution
		SolutionGuid = {F733FE5B-88BA-4DA0-AB6E-D6E7C456F5BF}
	EndGlobalSection
EndGlobal
